
Microsoft Visual Studio Solution File, Format Version 12.00
# Visual Studio Version 17
VisualStudioVersion = 17.9.34622.214
MinimumVisualStudioVersion = 10.0.40219.1
Project("{9A19103F-16F7-4668-BE54-9A1E7A4F7556}") = "DAL", "DAL\DAL.csproj", "{B6629858-A158-46DF-8055-4600E8C5E526}"
EndProject
Project("{9A19103F-16F7-4668-BE54-9A1E7A4F7556}") = "BLL", "BLL\BLL.csproj", "{84DBB930-7514-4D0C-ABAB-91685DF394C7}"
	ProjectSection(ProjectDependencies) = postProject
		{9EFD5126-86FB-422A-923B-45305167C477} = {9EFD5126-86FB-422A-923B-45305167C477}
		{B6629858-A158-46DF-8055-4600E8C5E526} = {B6629858-A158-46DF-8055-4600E8C5E526}
	EndProjectSection
EndProject
Project("{9A19103F-16F7-4668-BE54-9A1E7A4F7556}") = "IBLL", "IBLL\IBLL.csproj", "{9EFD5126-86FB-422A-923B-45305167C477}"
	ProjectSection(ProjectDependencies) = postProject
		{370EB632-0810-4F9C-9C80-3F71D24D480E} = {370EB632-0810-4F9C-9C80-3F71D24D480E}
	EndProjectSection
EndProject
Project("{9A19103F-16F7-4668-BE54-9A1E7A4F7556}") = "DTOs", "DTOs\DTOs.csproj", "{370EB632-0810-4F9C-9C80-3F71D24D480E}"
EndProject
Project("{9A19103F-16F7-4668-BE54-9A1E7A4F7556}") = "Models", "Models\Models.csproj", "{DC3FBC0F-DA17-43DC-8A2F-FBD3BCC75F06}"
EndProject
Project("{9A19103F-16F7-4668-BE54-9A1E7A4F7556}") = "Przychodnia.Tests", "Przychodnia.Tests\Przychodnia.Tests.csproj", "{813D6C95-3582-4A31-A5D5-F296FEDABF17}"
EndProject
Project("{9A19103F-16F7-4668-BE54-9A1E7A4F7556}") = "BLLTests", "BLLTests\BLLTests.csproj", "{CCCF9EE9-5182-4F33-9B25-25E0B7FBF709}"
EndProject
Project("{9A19103F-16F7-4668-BE54-9A1E7A4F7556}") = "IDAL_", "IDAL_\IDAL_.csproj", "{70FD32FB-8C33-4742-8375-D0B1F58ED363}"
EndProject
Project("{9A19103F-16F7-4668-BE54-9A1E7A4F7556}") = "Przychodnia.API", "Przychodnia.API\Przychodnia.API.csproj", "{A11AB6FB-9256-41D6-830E-F50DF6361079}"
EndProject
Project("{FAE04EC0-301F-11D3-BF4B-00C04F79EFBC}") = "Przychodnia.API.Tests", "Przychodnia.API.Tests\Przychodnia.API.Tests.csproj", "{595BA9BA-E7D4-4180-9D15-B19F47129D65}"
EndProject
Global
	GlobalSection(SolutionConfigurationPlatforms) = preSolution
		Debug|Any CPU = Debug|Any CPU
		Release|Any CPU = Release|Any CPU
	EndGlobalSection
	GlobalSection(ProjectConfigurationPlatforms) = postSolution
		{B6629858-A158-46DF-8055-4600E8C5E526}.Debug|Any CPU.ActiveCfg = Debug|Any CPU
		{B6629858-A158-46DF-8055-4600E8C5E526}.Debug|Any CPU.Build.0 = Debug|Any CPU
		{B6629858-A158-46DF-8055-4600E8C5E526}.Release|Any CPU.ActiveCfg = Release|Any CPU
		{B6629858-A158-46DF-8055-4600E8C5E526}.Release|Any CPU.Build.0 = Release|Any CPU
		{84DBB930-7514-4D0C-ABAB-91685DF394C7}.Debug|Any CPU.ActiveCfg = Debug|Any CPU
		{84DBB930-7514-4D0C-ABAB-91685DF394C7}.Debug|Any CPU.Build.0 = Debug|Any CPU
		{84DBB930-7514-4D0C-ABAB-91685DF394C7}.Release|Any CPU.ActiveCfg = Release|Any CPU
		{84DBB930-7514-4D0C-ABAB-91685DF394C7}.Release|Any CPU.Build.0 = Release|Any CPU
		{9EFD5126-86FB-422A-923B-45305167C477}.Debug|Any CPU.ActiveCfg = Debug|Any CPU
		{9EFD5126-86FB-422A-923B-45305167C477}.Debug|Any CPU.Build.0 = Debug|Any CPU
		{9EFD5126-86FB-422A-923B-45305167C477}.Release|Any CPU.ActiveCfg = Release|Any CPU
		{9EFD5126-86FB-422A-923B-45305167C477}.Release|Any CPU.Build.0 = Release|Any CPU
		{370EB632-0810-4F9C-9C80-3F71D24D480E}.Debug|Any CPU.ActiveCfg = Debug|Any CPU
		{370EB632-0810-4F9C-9C80-3F71D24D480E}.Debug|Any CPU.Build.0 = Debug|Any CPU
		{370EB632-0810-4F9C-9C80-3F71D24D480E}.Release|Any CPU.ActiveCfg = Release|Any CPU
		{370EB632-0810-4F9C-9C80-3F71D24D480E}.Release|Any CPU.Build.0 = Release|Any CPU
		{DC3FBC0F-DA17-43DC-8A2F-FBD3BCC75F06}.Debug|Any CPU.ActiveCfg = Debug|Any CPU
		{DC3FBC0F-DA17-43DC-8A2F-FBD3BCC75F06}.Debug|Any CPU.Build.0 = Debug|Any CPU
		{DC3FBC0F-DA17-43DC-8A2F-FBD3BCC75F06}.Release|Any CPU.ActiveCfg = Release|Any CPU
		{DC3FBC0F-DA17-43DC-8A2F-FBD3BCC75F06}.Release|Any CPU.Build.0 = Release|Any CPU
		{813D6C95-3582-4A31-A5D5-F296FEDABF17}.Debug|Any CPU.ActiveCfg = Debug|Any CPU
		{813D6C95-3582-4A31-A5D5-F296FEDABF17}.Debug|Any CPU.Build.0 = Debug|Any CPU
		{813D6C95-3582-4A31-A5D5-F296FEDABF17}.Release|Any CPU.ActiveCfg = Release|Any CPU
		{813D6C95-3582-4A31-A5D5-F296FEDABF17}.Release|Any CPU.Build.0 = Release|Any CPU
		{CCCF9EE9-5182-4F33-9B25-25E0B7FBF709}.Debug|Any CPU.ActiveCfg = Debug|Any CPU
		{CCCF9EE9-5182-4F33-9B25-25E0B7FBF709}.Debug|Any CPU.Build.0 = Debug|Any CPU
		{CCCF9EE9-5182-4F33-9B25-25E0B7FBF709}.Release|Any CPU.ActiveCfg = Release|Any CPU
		{CCCF9EE9-5182-4F33-9B25-25E0B7FBF709}.Release|Any CPU.Build.0 = Release|Any CPU
		{70FD32FB-8C33-4742-8375-D0B1F58ED363}.Debug|Any CPU.ActiveCfg = Debug|Any CPU
		{70FD32FB-8C33-4742-8375-D0B1F58ED363}.Debug|Any CPU.Build.0 = Debug|Any CPU
		{70FD32FB-8C33-4742-8375-D0B1F58ED363}.Release|Any CPU.ActiveCfg = Release|Any CPU
		{70FD32FB-8C33-4742-8375-D0B1F58ED363}.Release|Any CPU.Build.0 = Release|Any CPU
		{A11AB6FB-9256-41D6-830E-F50DF6361079}.Debug|Any CPU.ActiveCfg = Debug|Any CPU
		{A11AB6FB-9256-41D6-830E-F50DF6361079}.Debug|Any CPU.Build.0 = Debug|Any CPU
		{A11AB6FB-9256-41D6-830E-F50DF6361079}.Release|Any CPU.ActiveCfg = Release|Any CPU
		{A11AB6FB-9256-41D6-830E-F50DF6361079}.Release|Any CPU.Build.0 = Release|Any CPU
		{595BA9BA-E7D4-4180-9D15-B19F47129D65}.Debug|Any CPU.ActiveCfg = Debug|Any CPU
		{595BA9BA-E7D4-4180-9D15-B19F47129D65}.Debug|Any CPU.Build.0 = Debug|Any CPU
		{595BA9BA-E7D4-4180-9D15-B19F47129D65}.Release|Any CPU.ActiveCfg = Release|Any CPU
		{595BA9BA-E7D4-4180-9D15-B19F47129D65}.Release|Any CPU.Build.0 = Release|Any CPU
	EndGlobalSection
	GlobalSection(SolutionProperties) = preSolution
		HideSolutionNode = FALSE
	EndGlobalSection
	GlobalSection(ExtensibilityGlobals) = postSolution
		SolutionGuid = {D9839809-7CD4-4259-862C-9F1FA175C3A5}
	EndGlobalSection
EndGlobal
